PODS:
  - LAUCaptureVideoPreviewLayer (0.1.0)

DEPENDENCIES:
  - LAUCaptureVideoPreviewLayer (from `../../`)

EXTERNAL SOURCES:
  LAUCaptureVideoPreviewLayer:
    :path: "../../"

SPEC CHECKSUMS:
  LAUCaptureVideoPreviewLayer: a5648fd14d06a52fa29482c66e1e7955ed11b5c9

PODFILE CHECKSUM: 27b9e0bb53da8b39b784f1ef16250be227507bb9

COCOAPODS: 1.0.1
