PODS:
  - LAUCaptureVideoPreviewLayer (0.1.0)

DEPENDENCIES:
  - LAUCaptureVideoPreviewLayer (from `../../`)

EXTERNAL SOURCES:
  LAUCaptureVideoPreviewLayer:
    :path: "../../"

SPEC CHECKSUMS:
  LAUCaptureVideoPreviewLayer: 4b79d6a33f5c22080ef7d28a2322c904f8ba0e65

PODFILE CHECKSUM: e61169b05f98cc26a2c0630f7e3265d42a05b21f

COCOAPODS: 1.1.1
