PODS:
  - LAUCaptureVideoPreviewLayer (0.1.0)

DEPENDENCIES:
  - LAUCaptureVideoPreviewLayer (from `../../`)

EXTERNAL SOURCES:
  LAUCaptureVideoPreviewLayer:
    :path: "../../"

SPEC CHECKSUMS:
  LAUCaptureVideoPreviewLayer: 4b79d6a33f5c22080ef7d28a2322c904f8ba0e65

PODFILE CHECKSUM: 964443e32f28eb062cab4ae3ca35de7b5a263c95

COCOAPODS: 1.0.1
